
Microsoft Visual Studio Solution File, Format Version 12.00
# Visual Studio Version 17
VisualStudioVersion = 17.4.33110.190
MinimumVisualStudioVersion = 10.0.40219.1
Project("{FAE04EC0-301F-11D3-BF4B-00C04F79EFBC}") = "HotRay", "HotRay\HotRay.csproj", "{EE96A093-D8FF-4A48-8D7D-3544FD4A72BD}"
EndProject
Global
	GlobalSection(SolutionConfigurationPlatforms) = preSolution
		Debug|Any CPU = Debug|Any CPU
		Release|Any CPU = Release|Any CPU
	EndGlobalSection
	GlobalSection(ProjectConfigurationPlatforms) = postSolution
		{EE96A093-D8FF-4A48-8D7D-3544FD4A72BD}.Debug|Any CPU.ActiveCfg = Debug|Any CPU
		{EE96A093-D8FF-4A48-8D7D-3544FD4A72BD}.Debug|Any CPU.Build.0 = Debug|Any CPU
		{EE96A093-D8FF-4A48-8D7D-3544FD4A72BD}.Release|Any CPU.ActiveCfg = Release|Any CPU
		{EE96A093-D8FF-4A48-8D7D-3544FD4A72BD}.Release|Any CPU.Build.0 = Release|Any CPU
	EndGlobalSection
	GlobalSection(SolutionProperties) = preSolution
		HideSolutionNode = FALSE
	EndGlobalSection
	GlobalSection(ExtensibilityGlobals) = postSolution
		SolutionGuid = {3BC2073B-0983-4CD6-9AD7-A43DD8AEA857}
	EndGlobalSection
EndGlobal
